
Microsoft Visual Studio Solution File, Format Version 12.00
# Visual Studio Version 17
VisualStudioVersion = 17.11.35327.3
MinimumVisualStudioVersion = 10.0.40219.1
Project("{9A19103F-16F7-4668-BE54-9A1E7A4F7556}") = "DeltaFlows.Core", "DeltaFlows.Core\DeltaFlows.Core.csproj", "{AEE9CB84-F2B2-4157-AD59-E016803D2810}"
EndProject
Project("{2150E333-8FDC-42A3-9474-1A3956D46DE8}") = "tests", "tests", "{B7B439D6-311D-43EA-B72F-5CCF4FE32991}"
EndProject
Project("{FAE04EC0-301F-11D3-BF4B-00C04F79EFBC}") = "DeltaFlows.Console", "DeltaFlows.Console\DeltaFlows.Console.csproj", "{C8B4A57C-BFF8-4446-B3B9-8DDA8ACBFE7F}"
EndProject
Global
	GlobalSection(SolutionConfigurationPlatforms) = preSolution
		Debug|Any CPU = Debug|Any CPU
		Release|Any CPU = Release|Any CPU
	EndGlobalSection
	GlobalSection(ProjectConfigurationPlatforms) = postSolution
		{AEE9CB84-F2B2-4157-AD59-E016803D2810}.Debug|Any CPU.ActiveCfg = Debug|Any CPU
		{AEE9CB84-F2B2-4157-AD59-E016803D2810}.Debug|Any CPU.Build.0 = Debug|Any CPU
		{AEE9CB84-F2B2-4157-AD59-E016803D2810}.Release|Any CPU.ActiveCfg = Release|Any CPU
		{AEE9CB84-F2B2-4157-AD59-E016803D2810}.Release|Any CPU.Build.0 = Release|Any CPU
		{C8B4A57C-BFF8-4446-B3B9-8DDA8ACBFE7F}.Debug|Any CPU.ActiveCfg = Debug|Any CPU
		{C8B4A57C-BFF8-4446-B3B9-8DDA8ACBFE7F}.Debug|Any CPU.Build.0 = Debug|Any CPU
		{C8B4A57C-BFF8-4446-B3B9-8DDA8ACBFE7F}.Release|Any CPU.ActiveCfg = Release|Any CPU
		{C8B4A57C-BFF8-4446-B3B9-8DDA8ACBFE7F}.Release|Any CPU.Build.0 = Release|Any CPU
	EndGlobalSection
	GlobalSection(SolutionProperties) = preSolution
		HideSolutionNode = FALSE
	EndGlobalSection
	GlobalSection(NestedProjects) = preSolution
		{C8B4A57C-BFF8-4446-B3B9-8DDA8ACBFE7F} = {B7B439D6-311D-43EA-B72F-5CCF4FE32991}
	EndGlobalSection
	GlobalSection(ExtensibilityGlobals) = postSolution
		SolutionGuid = {B1BAB6D5-7C1A-459F-B13E-F9A3B8E668A3}
	EndGlobalSection
EndGlobal
